
Microsoft Visual Studio Solution File, Format Version 12.00
# Visual Studio Version 16
VisualStudioVersion = 16.0.31515.178
MinimumVisualStudioVersion = 10.0.40219.1
Project("{9A19103F-16F7-4668-BE54-9A1E7A4F7556}") = "AS.Api", "AS.Api\AS.Api.csproj", "{3E4F205C-33EF-42C5-AE13-30CFDDCAD96B}"
EndProject
Project("{9A19103F-16F7-4668-BE54-9A1E7A4F7556}") = "AS.BL", "AS.BL\AS.BL.csproj", "{1D5D8644-D093-45A7-B4D0-18989D93FBBB}"
EndProject
Project("{9A19103F-16F7-4668-BE54-9A1E7A4F7556}") = "AS.Core", "AS.Core\AS.Core.csproj", "{564118E1-9583-4AD6-A853-9972A94105A8}"
EndProject
Project("{9A19103F-16F7-4668-BE54-9A1E7A4F7556}") = "AS.DAL", "AS.DAL\AS.DAL.csproj", "{EAA68E2E-C510-42B0-9743-AE9A21FB0449}"
EndProject
Global
	GlobalSection(SolutionConfigurationPlatforms) = preSolution
		Debug|Any CPU = Debug|Any CPU
		Release|Any CPU = Release|Any CPU
	EndGlobalSection
	GlobalSection(ProjectConfigurationPlatforms) = postSolution
		{3E4F205C-33EF-42C5-AE13-30CFDDCAD96B}.Debug|Any CPU.ActiveCfg = Debug|Any CPU
		{3E4F205C-33EF-42C5-AE13-30CFDDCAD96B}.Debug|Any CPU.Build.0 = Debug|Any CPU
		{3E4F205C-33EF-42C5-AE13-30CFDDCAD96B}.Release|Any CPU.ActiveCfg = Release|Any CPU
		{3E4F205C-33EF-42C5-AE13-30CFDDCAD96B}.Release|Any CPU.Build.0 = Release|Any CPU
		{1D5D8644-D093-45A7-B4D0-18989D93FBBB}.Debug|Any CPU.ActiveCfg = Debug|Any CPU
		{1D5D8644-D093-45A7-B4D0-18989D93FBBB}.Debug|Any CPU.Build.0 = Debug|Any CPU
		{1D5D8644-D093-45A7-B4D0-18989D93FBBB}.Release|Any CPU.ActiveCfg = Release|Any CPU
		{1D5D8644-D093-45A7-B4D0-18989D93FBBB}.Release|Any CPU.Build.0 = Release|Any CPU
		{564118E1-9583-4AD6-A853-9972A94105A8}.Debug|Any CPU.ActiveCfg = Debug|Any CPU
		{564118E1-9583-4AD6-A853-9972A94105A8}.Debug|Any CPU.Build.0 = Debug|Any CPU
		{564118E1-9583-4AD6-A853-9972A94105A8}.Release|Any CPU.ActiveCfg = Release|Any CPU
		{564118E1-9583-4AD6-A853-9972A94105A8}.Release|Any CPU.Build.0 = Release|Any CPU
		{EAA68E2E-C510-42B0-9743-AE9A21FB0449}.Debug|Any CPU.ActiveCfg = Debug|Any CPU
		{EAA68E2E-C510-42B0-9743-AE9A21FB0449}.Debug|Any CPU.Build.0 = Debug|Any CPU
		{EAA68E2E-C510-42B0-9743-AE9A21FB0449}.Release|Any CPU.ActiveCfg = Release|Any CPU
		{EAA68E2E-C510-42B0-9743-AE9A21FB0449}.Release|Any CPU.Build.0 = Release|Any CPU
	EndGlobalSection
	GlobalSection(SolutionProperties) = preSolution
		HideSolutionNode = FALSE
	EndGlobalSection
	GlobalSection(ExtensibilityGlobals) = postSolution
		SolutionGuid = {CC629A43-4229-4AB5-B534-A0735E3DDB5A}
	EndGlobalSection
EndGlobal
